{
  "version": 4,
  "terraform_version": "0.12.20",
  "serial": 107,
  "lineage": "25216a7c-7788-90be-daa7-72a0fa1c3976",
  "outputs": {
    "kubeone_api": {
      "value": {
        "endpoint": "udagram1-api-lb-1600287193.eu-west-1.elb.amazonaws.com"
      },
      "type": [
        "object",
        {
          "endpoint": "string"
        }
      ]
    },
    "kubeone_hosts": {
      "value": {
        "control_plane": {
          "bastion": "3.248.209.46",
          "bastion_port": 22,
          "bastion_user": "ubuntu",
          "cloud_provider": "aws",
          "cluster_name": "udagram1",
          "hostnames": [
            "ip-172-31-255-172.eu-west-1.compute.internal",
            "ip-172-31-0-102.eu-west-1.compute.internal",
            "ip-172-31-1-92.eu-west-1.compute.internal"
          ],
          "private_address": [
            "172.31.255.172",
            "172.31.0.102",
            "172.31.1.92"
          ],
          "ssh_agent_socket": "env:SSH_AUTH_SOCK",
          "ssh_port": 22,
          "ssh_private_key_file": "",
          "ssh_user": "ubuntu"
        }
      },
      "type": [
        "object",
        {
          "control_plane": [
            "object",
            {
              "bastion": "string",
              "bastion_port": "number",
              "bastion_user": "string",
              "cloud_provider": "string",
              "cluster_name": "string",
              "hostnames": [
                "tuple",
                [
                  "string",
                  "string",
                  "string"
                ]
              ],
              "private_address": [
                "tuple",
                [
                  "string",
                  "string",
                  "string"
                ]
              ],
              "ssh_agent_socket": "string",
              "ssh_port": "number",
              "ssh_private_key_file": "string",
              "ssh_user": "string"
            }
          ]
        }
      ]
    },
    "kubeone_workers": {
      "value": {
        "udagram1-eu-west-1a": {
          "providerSpec": {
            "cloudProviderSpec": {
              "ami": "ami-035966e8adab4aaad",
              "availabilityZone": "eu-west-1a",
              "diskIops": 500,
              "diskSize": 50,
              "diskType": "gp2",
              "instanceProfile": "udagram1-host",
              "instanceType": "t3.medium",
              "region": "eu-west-1",
              "securityGroupIDs": [
                "sg-071e43515daf112e4"
              ],
              "subnetId": "subnet-00fb9906860048b0b",
              "tags": {
                "udagram1-workers": ""
              },
              "vpcId": "vpc-fec22f87"
            },
            "operatingSystem": "ubuntu",
            "operatingSystemSpec": {
              "distUpgradeOnBoot": false
            },
            "sshPublicKeys": [
              "ssh-rsa AAAAB3NzaC1yc2EAAAADAQABAAABAQCT4dmnTCiRphAQe8wPD3a6w2KujzdlgxpC+0pjc/OxhWF+hJmtfdjv2ezH+TIcq2TXuPunZ5Fmhc6n1tE6Z2OuIbzgfEI+kaUFAQNIxdVx0SiIOhPK2Q5UqQiyTZh1KwfE2OI6L0AaZsvFuM6eEEWkUay5yD11fsnmSkifJ1slMHjdmy/0JXkUWYh61f3VqffP5a+qNGLwqvfdHirNvni8Vu5xa/bHtJ82cKSsUwcuY5w4DPI6UAayydJibn8zdsdSGVbyoBgfBqUuALldr2ut8s1Xy8k+ndNqeKiq/0pw0QUtWqnbuzqpweers8xL/Mn+gAsrPe87AKH+ygMbI2Qb udagram1"
            ]
          },
          "replicas": 1
        },
        "udagram1-eu-west-1b": {
          "providerSpec": {
            "cloudProviderSpec": {
              "ami": "ami-035966e8adab4aaad",
              "availabilityZone": "eu-west-1b",
              "diskIops": 500,
              "diskSize": 50,
              "diskType": "gp2",
              "instanceProfile": "udagram1-host",
              "instanceType": "t3.medium",
              "region": "eu-west-1",
              "securityGroupIDs": [
                "sg-071e43515daf112e4"
              ],
              "subnetId": "subnet-045122807d307dc45",
              "tags": {
                "udagram1-workers": ""
              },
              "vpcId": "vpc-fec22f87"
            },
            "operatingSystem": "ubuntu",
            "operatingSystemSpec": {
              "distUpgradeOnBoot": false
            },
            "sshPublicKeys": [
              "ssh-rsa AAAAB3NzaC1yc2EAAAADAQABAAABAQCT4dmnTCiRphAQe8wPD3a6w2KujzdlgxpC+0pjc/OxhWF+hJmtfdjv2ezH+TIcq2TXuPunZ5Fmhc6n1tE6Z2OuIbzgfEI+kaUFAQNIxdVx0SiIOhPK2Q5UqQiyTZh1KwfE2OI6L0AaZsvFuM6eEEWkUay5yD11fsnmSkifJ1slMHjdmy/0JXkUWYh61f3VqffP5a+qNGLwqvfdHirNvni8Vu5xa/bHtJ82cKSsUwcuY5w4DPI6UAayydJibn8zdsdSGVbyoBgfBqUuALldr2ut8s1Xy8k+ndNqeKiq/0pw0QUtWqnbuzqpweers8xL/Mn+gAsrPe87AKH+ygMbI2Qb udagram1"
            ]
          },
          "replicas": 1
        },
        "udagram1-eu-west-1c": {
          "providerSpec": {
            "cloudProviderSpec": {
              "ami": "ami-035966e8adab4aaad",
              "availabilityZone": "eu-west-1c",
              "diskIops": 500,
              "diskSize": 50,
              "diskType": "gp2",
              "instanceProfile": "udagram1-host",
              "instanceType": "t3.medium",
              "region": "eu-west-1",
              "securityGroupIDs": [
                "sg-071e43515daf112e4"
              ],
              "subnetId": "subnet-0fb9ac35294295582",
              "tags": {
                "udagram1-workers": ""
              },
              "vpcId": "vpc-fec22f87"
            },
            "operatingSystem": "ubuntu",
            "operatingSystemSpec": {
              "distUpgradeOnBoot": false
            },
            "sshPublicKeys": [
              "ssh-rsa AAAAB3NzaC1yc2EAAAADAQABAAABAQCT4dmnTCiRphAQe8wPD3a6w2KujzdlgxpC+0pjc/OxhWF+hJmtfdjv2ezH+TIcq2TXuPunZ5Fmhc6n1tE6Z2OuIbzgfEI+kaUFAQNIxdVx0SiIOhPK2Q5UqQiyTZh1KwfE2OI6L0AaZsvFuM6eEEWkUay5yD11fsnmSkifJ1slMHjdmy/0JXkUWYh61f3VqffP5a+qNGLwqvfdHirNvni8Vu5xa/bHtJ82cKSsUwcuY5w4DPI6UAayydJibn8zdsdSGVbyoBgfBqUuALldr2ut8s1Xy8k+ndNqeKiq/0pw0QUtWqnbuzqpweers8xL/Mn+gAsrPe87AKH+ygMbI2Qb udagram1"
            ]
          },
          "replicas": 1
        }
      },
      "type": [
        "object",
        {
          "udagram1-eu-west-1a": [
            "object",
            {
              "providerSpec": [
                "object",
                {
                  "cloudProviderSpec": [
                    "object",
                    {
                      "ami": "string",
                      "availabilityZone": "string",
                      "diskIops": "number",
                      "diskSize": "number",
                      "diskType": "string",
                      "instanceProfile": "string",
                      "instanceType": "string",
                      "region": "string",
                      "securityGroupIDs": [
                        "tuple",
                        [
                          "string"
                        ]
                      ],
                      "subnetId": "string",
                      "tags": [
                        "object",
                        {
                          "udagram1-workers": "string"
                        }
                      ],
                      "vpcId": "string"
                    }
                  ],
                  "operatingSystem": "string",
                  "operatingSystemSpec": [
                    "object",
                    {
                      "distUpgradeOnBoot": "bool"
                    }
                  ],
                  "sshPublicKeys": [
                    "tuple",
                    [
                      "string"
                    ]
                  ]
                }
              ],
              "replicas": "number"
            }
          ],
          "udagram1-eu-west-1b": [
            "object",
            {
              "providerSpec": [
                "object",
                {
                  "cloudProviderSpec": [
                    "object",
                    {
                      "ami": "string",
                      "availabilityZone": "string",
                      "diskIops": "number",
                      "diskSize": "number",
                      "diskType": "string",
                      "instanceProfile": "string",
                      "instanceType": "string",
                      "region": "string",
                      "securityGroupIDs": [
                        "tuple",
                        [
                          "string"
                        ]
                      ],
                      "subnetId": "string",
                      "tags": [
                        "object",
                        {
                          "udagram1-workers": "string"
                        }
                      ],
                      "vpcId": "string"
                    }
                  ],
                  "operatingSystem": "string",
                  "operatingSystemSpec": [
                    "object",
                    {
                      "distUpgradeOnBoot": "bool"
                    }
                  ],
                  "sshPublicKeys": [
                    "tuple",
                    [
                      "string"
                    ]
                  ]
                }
              ],
              "replicas": "number"
            }
          ],
          "udagram1-eu-west-1c": [
            "object",
            {
              "providerSpec": [
                "object",
                {
                  "cloudProviderSpec": [
                    "object",
                    {
                      "ami": "string",
                      "availabilityZone": "string",
                      "diskIops": "number",
                      "diskSize": "number",
                      "diskType": "string",
                      "instanceProfile": "string",
                      "instanceType": "string",
                      "region": "string",
                      "securityGroupIDs": [
                        "tuple",
                        [
                          "string"
                        ]
                      ],
                      "subnetId": "string",
                      "tags": [
                        "object",
                        {
                          "udagram1-workers": "string"
                        }
                      ],
                      "vpcId": "string"
                    }
                  ],
                  "operatingSystem": "string",
                  "operatingSystemSpec": [
                    "object",
                    {
                      "distUpgradeOnBoot": "bool"
                    }
                  ],
                  "sshPublicKeys": [
                    "tuple",
                    [
                      "string"
                    ]
                  ]
                }
              ],
              "replicas": "number"
            }
          ]
        }
      ]
    }
  },
  "resources": [
    {
      "mode": "data",
      "type": "aws_ami",
      "name": "ubuntu",
      "provider": "provider.aws",
      "instances": [
        {
          "schema_version": 0,
          "attributes": {
            "architecture": "x86_64",
            "block_device_mappings": [
              {
                "device_name": "/dev/sda1",
                "ebs": {
                  "delete_on_termination": "true",
                  "encrypted": "false",
                  "iops": "0",
                  "snapshot_id": "snap-00b11c087234bf535",
                  "volume_size": "8",
                  "volume_type": "gp2"
                },
                "no_device": "",
                "virtual_name": ""
              },
              {
                "device_name": "/dev/sdb",
                "ebs": {},
                "no_device": "",
                "virtual_name": "ephemeral0"
              },
              {
                "device_name": "/dev/sdc",
                "ebs": {},
                "no_device": "",
                "virtual_name": "ephemeral1"
              }
            ],
            "creation_date": "2020-01-15T00:31:15.000Z",
            "description": "Canonical, Ubuntu, 18.04 LTS, amd64 bionic image build on 2020-01-12",
            "executable_users": null,
            "filter": [
              {
                "name": "name",
                "values": [
                  "ubuntu/images/hvm-ssd/ubuntu-bionic-18.04-amd64-server-*"
                ]
              },
              {
                "name": "virtualization-type",
                "values": [
                  "hvm"
                ]
              }
            ],
            "hypervisor": "xen",
            "id": "ami-035966e8adab4aaad",
            "image_id": "ami-035966e8adab4aaad",
            "image_location": "099720109477/ubuntu/images/hvm-ssd/ubuntu-bionic-18.04-amd64-server-20200112",
            "image_owner_alias": null,
            "image_type": "machine",
            "kernel_id": null,
            "most_recent": true,
            "name": "ubuntu/images/hvm-ssd/ubuntu-bionic-18.04-amd64-server-20200112",
            "name_regex": null,
            "owner_id": "099720109477",
            "owners": [
              "099720109477"
            ],
            "platform": null,
            "product_codes": [],
            "public": true,
            "ramdisk_id": null,
            "root_device_name": "/dev/sda1",
            "root_device_type": "ebs",
            "root_snapshot_id": "snap-00b11c087234bf535",
            "sriov_net_support": "simple",
            "state": "available",
            "state_reason": {
              "code": "UNSET",
              "message": "UNSET"
            },
            "tags": {},
            "virtualization_type": "hvm"
          }
        }
      ]
    },
    {
      "mode": "data",
      "type": "aws_availability_zones",
      "name": "available",
      "provider": "provider.aws",
      "instances": [
        {
          "schema_version": 0,
          "attributes": {
            "blacklisted_names": null,
            "blacklisted_zone_ids": null,
            "id": "2020-02-03 15:33:11.227151044 +0000 UTC",
            "names": [
              "eu-west-1a",
              "eu-west-1b",
              "eu-west-1c"
            ],
            "state": "available",
            "zone_ids": [
              "euw1-az3",
              "euw1-az1",
              "euw1-az2"
            ]
          }
        }
      ]
    },
    {
      "mode": "data",
      "type": "aws_internet_gateway",
      "name": "default",
      "provider": "provider.aws",
      "instances": [
        {
          "schema_version": 0,
          "attributes": {
            "attachments": [
              {
                "state": "available",
                "vpc_id": "vpc-fec22f87"
              }
            ],
            "filter": [
              {
                "name": "attachment.vpc-id",
                "values": [
                  "vpc-fec22f87"
                ]
              }
            ],
            "id": "igw-040c1263",
            "internet_gateway_id": "igw-040c1263",
            "owner_id": "635280392941",
            "tags": {}
          }
        }
      ]
    },
    {
      "mode": "data",
      "type": "aws_vpc",
      "name": "selected",
      "provider": "provider.aws",
      "instances": [
        {
          "schema_version": 0,
          "attributes": {
            "arn": "arn:aws:ec2:eu-west-1:635280392941:vpc/vpc-fec22f87",
            "cidr_block": "172.31.0.0/16",
            "cidr_block_associations": [
              {
                "association_id": "vpc-cidr-assoc-5e697c35",
                "cidr_block": "172.31.0.0/16",
                "state": "associated"
              }
            ],
            "default": true,
            "dhcp_options_id": "dopt-d484d8b2",
            "enable_dns_hostnames": true,
            "enable_dns_support": true,
            "filter": null,
            "id": "vpc-fec22f87",
            "instance_tenancy": "default",
            "ipv6_association_id": null,
            "ipv6_cidr_block": null,
            "main_route_table_id": "rtb-579d892e",
            "owner_id": "635280392941",
            "state": "available",
            "tags": {}
          }
        }
      ]
    },
    {
      "mode": "managed",
      "type": "aws_default_vpc",
      "name": "default",
      "provider": "provider.aws",
      "instances": [
        {
          "schema_version": 1,
          "attributes": {
            "arn": "arn:aws:ec2:eu-west-1:635280392941:vpc/vpc-fec22f87",
            "assign_generated_ipv6_cidr_block": false,
            "cidr_block": "172.31.0.0/16",
            "default_network_acl_id": "acl-aaea8dd3",
            "default_route_table_id": "rtb-579d892e",
            "default_security_group_id": "sg-6f3c1f25",
            "dhcp_options_id": "dopt-d484d8b2",
            "enable_classiclink": false,
            "enable_classiclink_dns_support": false,
            "enable_dns_hostnames": true,
            "enable_dns_support": true,
            "id": "vpc-fec22f87",
            "instance_tenancy": "default",
            "ipv6_association_id": "",
            "ipv6_cidr_block": "",
            "main_route_table_id": "rtb-579d892e",
            "owner_id": "635280392941",
            "tags": null
          },
          "private": "eyJzY2hlbWFfdmVyc2lvbiI6IjEifQ=="
        }
      ]
    },
    {
      "mode": "managed",
      "type": "aws_elb",
      "name": "control_plane",
      "provider": "provider.aws",
      "instances": [
        {
          "schema_version": 0,
          "attributes": {
            "access_logs": [],
            "arn": "arn:aws:elasticloadbalancing:eu-west-1:635280392941:loadbalancer/udagram1-api-lb",
            "availability_zones": [
              "eu-west-1a",
              "eu-west-1b",
              "eu-west-1c"
            ],
            "connection_draining": false,
            "connection_draining_timeout": 300,
            "cross_zone_load_balancing": true,
            "dns_name": "udagram1-api-lb-1600287193.eu-west-1.elb.amazonaws.com",
            "health_check": [
              {
                "healthy_threshold": 2,
                "interval": 30,
                "target": "HTTPS:6443/healthz",
                "timeout": 3,
                "unhealthy_threshold": 2
              }
            ],
            "id": "udagram1-api-lb",
            "idle_timeout": 600,
            "instances": [
              "i-03d5588f66dc9e137",
              "i-0b6fe4bd08d679722",
              "i-0f5d7990a9f719faf"
            ],
            "internal": false,
            "listener": [
              {
                "instance_port": 6443,
                "instance_protocol": "tcp",
                "lb_port": 6443,
                "lb_protocol": "tcp",
                "ssl_certificate_id": ""
              }
            ],
            "name": "udagram1-api-lb",
            "name_prefix": null,
            "security_groups": [
              "sg-071e43515daf112e4",
              "sg-0f6f1cbd28afe2ab8"
            ],
            "source_security_group": "635280392941/udagram1-common",
            "source_security_group_id": "sg-071e43515daf112e4",
            "subnets": [
              "subnet-00fb9906860048b0b",
              "subnet-045122807d307dc45",
              "subnet-0fb9ac35294295582"
            ],
            "tags": {
              "Cluster": "udagram1",
              "kubernetes.io/cluster/udagram1": "shared"
            },
            "zone_id": "Z32O12XQLNTSW2"
          },
          "private": "bnVsbA==",
          "dependencies": [
            "aws_default_vpc.default",
            "aws_iam_instance_profile.profile",
            "aws_iam_role.role",
            "aws_instance.control_plane",
            "aws_key_pair.deployer",
            "aws_security_group.common",
            "aws_security_group.elb",
            "aws_subnet.public",
            "random_integer.cidr_block"
          ]
        }
      ]
    },
    {
      "mode": "managed",
      "type": "aws_iam_instance_profile",
      "name": "profile",
      "provider": "provider.aws",
      "instances": [
        {
          "schema_version": 0,
          "attributes": {
            "arn": "arn:aws:iam::635280392941:instance-profile/udagram1-host",
            "create_date": "2020-02-03T15:33:32Z",
            "id": "udagram1-host",
            "name": "udagram1-host",
            "name_prefix": null,
            "path": "/",
            "role": "udagram1-host",
            "roles": [],
            "unique_id": "AIPAZH2NJQLWTH7ZDYCCP"
          },
          "private": "bnVsbA==",
          "dependencies": [
            "aws_iam_role.role"
          ]
        }
      ]
    },
    {
      "mode": "managed",
      "type": "aws_iam_role",
      "name": "role",
      "provider": "provider.aws",
      "instances": [
        {
          "schema_version": 0,
          "attributes": {
            "arn": "arn:aws:iam::635280392941:role/udagram1-host",
            "assume_role_policy": "{\"Version\":\"2012-10-17\",\"Statement\":[{\"Effect\":\"Allow\",\"Principal\":{\"Service\":\"ec2.amazonaws.com\"},\"Action\":\"sts:AssumeRole\"}]}",
            "create_date": "2020-02-03T15:33:30Z",
            "description": "",
            "force_detach_policies": false,
            "id": "udagram1-host",
            "max_session_duration": 3600,
            "name": "udagram1-host",
            "name_prefix": null,
            "path": "/",
            "permissions_boundary": null,
            "tags": null,
            "unique_id": "AROAZH2NJQLWUDQB4WCNW"
          },
          "private": "bnVsbA=="
        }
      ]
    },
    {
      "mode": "managed",
      "type": "aws_iam_role_policy",
      "name": "policy",
      "provider": "provider.aws",
      "instances": [
        {
          "schema_version": 0,
          "attributes": {
            "id": "udagram1-host:udagram1-host",
            "name": "udagram1-host",
            "name_prefix": null,
            "policy": "{\"Statement\":[{\"Action\":[\"ec2:*\"],\"Effect\":\"Allow\",\"Resource\":[\"*\"]},{\"Action\":[\"elasticloadbalancing:*\"],\"Effect\":\"Allow\",\"Resource\":[\"*\"]}],\"Version\":\"2012-10-17\"}",
            "role": "udagram1-host"
          },
          "private": "bnVsbA==",
          "dependencies": [
            "aws_iam_role.role"
          ]
        }
      ]
    },
    {
      "mode": "managed",
      "type": "aws_instance",
      "name": "bastion",
      "provider": "provider.aws",
      "instances": [
        {
          "schema_version": 1,
          "attributes": {
            "ami": "ami-035966e8adab4aaad",
            "arn": "arn:aws:ec2:eu-west-1:635280392941:instance/i-02ae98ef75cc9143c",
            "associate_public_ip_address": true,
            "availability_zone": "eu-west-1a",
            "cpu_core_count": 1,
            "cpu_threads_per_core": 2,
            "credit_specification": [
              {
                "cpu_credits": "unlimited"
              }
            ],
            "disable_api_termination": false,
            "ebs_block_device": [],
            "ebs_optimized": false,
            "ephemeral_block_device": [],
            "get_password_data": false,
            "host_id": null,
            "iam_instance_profile": "",
            "id": "i-02ae98ef75cc9143c",
            "instance_initiated_shutdown_behavior": null,
            "instance_state": "running",
            "instance_type": "t3.nano",
            "ipv6_address_count": 0,
            "ipv6_addresses": [],
            "key_name": "udagram1-deployer-key",
            "monitoring": false,
            "network_interface": [],
            "network_interface_id": null,
            "password_data": "",
            "placement_group": "",
            "primary_network_interface_id": "eni-092e0daf6f0dfed79",
            "private_dns": "ip-172-31-255-9.eu-west-1.compute.internal",
            "private_ip": "172.31.255.9",
            "public_dns": "ec2-3-248-209-46.eu-west-1.compute.amazonaws.com",
            "public_ip": "3.248.209.46",
            "root_block_device": [
              {
                "delete_on_termination": true,
                "encrypted": false,
                "iops": 300,
                "kms_key_id": "",
                "volume_id": "vol-0f237a6dbf8252994",
                "volume_size": 100,
                "volume_type": "gp2"
              }
            ],
            "security_groups": [
              "udagram1-common",
              "udagram1-ssh"
            ],
            "source_dest_check": true,
            "subnet_id": "subnet-00fb9906860048b0b",
            "tags": {
              "Cluster": "udagram1",
              "Name": "udagram1-bastion",
              "kubernetes.io/cluster/udagram1": "shared"
            },
            "tenancy": "default",
            "timeouts": null,
            "user_data": null,
            "user_data_base64": null,
            "volume_tags": {},
            "vpc_security_group_ids": [
              "sg-047504f5889bfe61f",
              "sg-071e43515daf112e4"
            ]
          },
          "private": "eyJlMmJmYjczMC1lY2FhLTExZTYtOGY4OC0zNDM2M2JjN2M0YzAiOnsiY3JlYXRlIjo2MDAwMDAwMDAwMDAsImRlbGV0ZSI6MTIwMDAwMDAwMDAwMCwidXBkYXRlIjo2MDAwMDAwMDAwMDB9LCJzY2hlbWFfdmVyc2lvbiI6IjEifQ==",
          "dependencies": [
            "aws_default_vpc.default",
            "aws_key_pair.deployer",
            "aws_security_group.common",
            "aws_security_group.ssh",
            "aws_subnet.public",
            "random_integer.cidr_block"
          ]
        }
      ]
    },
    {
      "mode": "managed",
      "type": "aws_instance",
      "name": "control_plane",
      "each": "list",
      "provider": "provider.aws",
      "instances": [
        {
          "index_key": 0,
          "schema_version": 1,
          "attributes": {
            "ami": "ami-035966e8adab4aaad",
            "arn": "arn:aws:ec2:eu-west-1:635280392941:instance/i-0f5d7990a9f719faf",
            "associate_public_ip_address": true,
            "availability_zone": "eu-west-1a",
            "cpu_core_count": 1,
            "cpu_threads_per_core": 2,
            "credit_specification": [
              {
                "cpu_credits": "unlimited"
              }
            ],
            "disable_api_termination": false,
            "ebs_block_device": [],
            "ebs_optimized": true,
            "ephemeral_block_device": [],
            "get_password_data": false,
            "host_id": null,
            "iam_instance_profile": "udagram1-host",
            "id": "i-0f5d7990a9f719faf",
            "instance_initiated_shutdown_behavior": null,
            "instance_state": "running",
            "instance_type": "t3.medium",
            "ipv6_address_count": 0,
            "ipv6_addresses": [],
            "key_name": "udagram1-deployer-key",
            "monitoring": false,
            "network_interface": [],
            "network_interface_id": null,
            "password_data": "",
            "placement_group": "",
            "primary_network_interface_id": "eni-028b7fe19942b5df5",
            "private_dns": "ip-172-31-255-172.eu-west-1.compute.internal",
            "private_ip": "172.31.255.172",
            "public_dns": "ec2-52-30-126-168.eu-west-1.compute.amazonaws.com",
            "public_ip": "52.30.126.168",
            "root_block_device": [
              {
                "delete_on_termination": true,
                "encrypted": false,
                "iops": 100,
                "kms_key_id": "",
                "volume_id": "vol-04c936226bf655a3c",
                "volume_size": 30,
                "volume_type": "gp2"
              }
            ],
            "security_groups": [
              "udagram1-common"
            ],
            "source_dest_check": true,
            "subnet_id": "subnet-00fb9906860048b0b",
            "tags": {
              "Name": "udagram1-cp-1",
              "kubernetes.io/cluster/udagram1": "shared"
            },
            "tenancy": "default",
            "timeouts": null,
            "user_data": null,
            "user_data_base64": null,
            "volume_tags": {},
            "vpc_security_group_ids": [
              "sg-071e43515daf112e4"
            ]
          },
          "private": "eyJlMmJmYjczMC1lY2FhLTExZTYtOGY4OC0zNDM2M2JjN2M0YzAiOnsiY3JlYXRlIjo2MDAwMDAwMDAwMDAsImRlbGV0ZSI6MTIwMDAwMDAwMDAwMCwidXBkYXRlIjo2MDAwMDAwMDAwMDB9LCJzY2hlbWFfdmVyc2lvbiI6IjEifQ==",
          "dependencies": [
            "aws_default_vpc.default",
            "aws_iam_instance_profile.profile",
            "aws_iam_role.role",
            "aws_key_pair.deployer",
            "aws_security_group.common",
            "aws_subnet.public",
            "random_integer.cidr_block"
          ]
        },
        {
          "index_key": 1,
          "schema_version": 1,
          "attributes": {
            "ami": "ami-035966e8adab4aaad",
            "arn": "arn:aws:ec2:eu-west-1:635280392941:instance/i-03d5588f66dc9e137",
            "associate_public_ip_address": true,
            "availability_zone": "eu-west-1b",
            "cpu_core_count": 1,
            "cpu_threads_per_core": 2,
            "credit_specification": [
              {
                "cpu_credits": "unlimited"
              }
            ],
            "disable_api_termination": false,
            "ebs_block_device": [],
            "ebs_optimized": true,
            "ephemeral_block_device": [],
            "get_password_data": false,
            "host_id": null,
            "iam_instance_profile": "udagram1-host",
            "id": "i-03d5588f66dc9e137",
            "instance_initiated_shutdown_behavior": null,
            "instance_state": "running",
            "instance_type": "t3.medium",
            "ipv6_address_count": 0,
            "ipv6_addresses": [],
            "key_name": "udagram1-deployer-key",
            "monitoring": false,
            "network_interface": [],
            "network_interface_id": null,
            "password_data": "",
            "placement_group": "",
            "primary_network_interface_id": "eni-0fc51424d06ec43b0",
            "private_dns": "ip-172-31-0-102.eu-west-1.compute.internal",
            "private_ip": "172.31.0.102",
            "public_dns": "ec2-54-154-13-229.eu-west-1.compute.amazonaws.com",
            "public_ip": "54.154.13.229",
            "root_block_device": [
              {
                "delete_on_termination": true,
                "encrypted": false,
                "iops": 100,
                "kms_key_id": "",
                "volume_id": "vol-014242b18f1eac59a",
                "volume_size": 30,
                "volume_type": "gp2"
              }
            ],
            "security_groups": [
              "udagram1-common"
            ],
            "source_dest_check": true,
            "subnet_id": "subnet-045122807d307dc45",
            "tags": {
              "Name": "udagram1-cp-2",
              "kubernetes.io/cluster/udagram1": "shared"
            },
            "tenancy": "default",
            "timeouts": null,
            "user_data": null,
            "user_data_base64": null,
            "volume_tags": {},
            "vpc_security_group_ids": [
              "sg-071e43515daf112e4"
            ]
          },
          "private": "eyJlMmJmYjczMC1lY2FhLTExZTYtOGY4OC0zNDM2M2JjN2M0YzAiOnsiY3JlYXRlIjo2MDAwMDAwMDAwMDAsImRlbGV0ZSI6MTIwMDAwMDAwMDAwMCwidXBkYXRlIjo2MDAwMDAwMDAwMDB9LCJzY2hlbWFfdmVyc2lvbiI6IjEifQ==",
          "dependencies": [
            "aws_default_vpc.default",
            "aws_iam_instance_profile.profile",
            "aws_iam_role.role",
            "aws_key_pair.deployer",
            "aws_security_group.common",
            "aws_subnet.public",
            "random_integer.cidr_block"
          ]
        },
        {
          "index_key": 2,
          "schema_version": 1,
          "attributes": {
            "ami": "ami-035966e8adab4aaad",
            "arn": "arn:aws:ec2:eu-west-1:635280392941:instance/i-0b6fe4bd08d679722",
            "associate_public_ip_address": true,
            "availability_zone": "eu-west-1c",
            "cpu_core_count": 1,
            "cpu_threads_per_core": 2,
            "credit_specification": [
              {
                "cpu_credits": "unlimited"
              }
            ],
            "disable_api_termination": false,
            "ebs_block_device": [],
            "ebs_optimized": true,
            "ephemeral_block_device": [],
            "get_password_data": false,
            "host_id": null,
            "iam_instance_profile": "udagram1-host",
            "id": "i-0b6fe4bd08d679722",
            "instance_initiated_shutdown_behavior": null,
            "instance_state": "running",
            "instance_type": "t3.medium",
            "ipv6_address_count": 0,
            "ipv6_addresses": [],
            "key_name": "udagram1-deployer-key",
            "monitoring": false,
            "network_interface": [],
            "network_interface_id": null,
            "password_data": "",
            "placement_group": "",
            "primary_network_interface_id": "eni-05eb86285ea7c45de",
            "private_dns": "ip-172-31-1-92.eu-west-1.compute.internal",
            "private_ip": "172.31.1.92",
            "public_dns": "ec2-34-245-168-16.eu-west-1.compute.amazonaws.com",
            "public_ip": "34.245.168.16",
            "root_block_device": [
              {
                "delete_on_termination": true,
                "encrypted": false,
                "iops": 100,
                "kms_key_id": "",
                "volume_id": "vol-0fbf35037a37781b5",
                "volume_size": 30,
                "volume_type": "gp2"
              }
            ],
            "security_groups": [
              "udagram1-common"
            ],
            "source_dest_check": true,
            "subnet_id": "subnet-0fb9ac35294295582",
            "tags": {
              "Name": "udagram1-cp-3",
              "kubernetes.io/cluster/udagram1": "shared"
            },
            "tenancy": "default",
            "timeouts": null,
            "user_data": null,
            "user_data_base64": null,
            "volume_tags": {},
            "vpc_security_group_ids": [
              "sg-071e43515daf112e4"
            ]
          },
          "private": "eyJlMmJmYjczMC1lY2FhLTExZTYtOGY4OC0zNDM2M2JjN2M0YzAiOnsiY3JlYXRlIjo2MDAwMDAwMDAwMDAsImRlbGV0ZSI6MTIwMDAwMDAwMDAwMCwidXBkYXRlIjo2MDAwMDAwMDAwMDB9LCJzY2hlbWFfdmVyc2lvbiI6IjEifQ==",
          "dependencies": [
            "aws_default_vpc.default",
            "aws_iam_instance_profile.profile",
            "aws_iam_role.role",
            "aws_key_pair.deployer",
            "aws_security_group.common",
            "aws_subnet.public",
            "random_integer.cidr_block"
          ]
        }
      ]
    },
    {
      "mode": "managed",
      "type": "aws_key_pair",
      "name": "deployer",
      "provider": "provider.aws",
      "instances": [
        {
          "schema_version": 1,
          "attributes": {
            "fingerprint": "38:5e:f2:c1:fb:3f:85:8d:60:49:48:4a:88:1e:6a:97",
            "id": "udagram1-deployer-key",
            "key_name": "udagram1-deployer-key",
            "key_name_prefix": null,
            "key_pair_id": "key-0a2ab3eb875fe3dc4",
            "public_key": "ssh-rsa AAAAB3NzaC1yc2EAAAADAQABAAABAQCT4dmnTCiRphAQe8wPD3a6w2KujzdlgxpC+0pjc/OxhWF+hJmtfdjv2ezH+TIcq2TXuPunZ5Fmhc6n1tE6Z2OuIbzgfEI+kaUFAQNIxdVx0SiIOhPK2Q5UqQiyTZh1KwfE2OI6L0AaZsvFuM6eEEWkUay5yD11fsnmSkifJ1slMHjdmy/0JXkUWYh61f3VqffP5a+qNGLwqvfdHirNvni8Vu5xa/bHtJ82cKSsUwcuY5w4DPI6UAayydJibn8zdsdSGVbyoBgfBqUuALldr2ut8s1Xy8k+ndNqeKiq/0pw0QUtWqnbuzqpweers8xL/Mn+gAsrPe87AKH+ygMbI2Qb udagram1",
            "tags": null
          },
          "private": "eyJzY2hlbWFfdmVyc2lvbiI6IjEifQ=="
        }
      ]
    },
    {
      "mode": "managed",
      "type": "aws_security_group",
      "name": "common",
      "provider": "provider.aws",
      "instances": [
        {
          "schema_version": 1,
          "attributes": {
            "arn": "arn:aws:ec2:eu-west-1:635280392941:security-group/sg-071e43515daf112e4",
            "description": "cluster common rules",
            "egress": [],
            "id": "sg-071e43515daf112e4",
            "ingress": [],
            "name": "udagram1-common",
            "name_prefix": null,
            "owner_id": "635280392941",
            "revoke_rules_on_delete": false,
            "tags": {
              "Cluster": "udagram1",
              "kubernetes.io/cluster/udagram1": "shared"
            },
            "timeouts": null,
            "vpc_id": "vpc-fec22f87"
          },
          "private": "eyJlMmJmYjczMC1lY2FhLTExZTYtOGY4OC0zNDM2M2JjN2M0YzAiOnsiY3JlYXRlIjo2MDAwMDAwMDAwMDAsImRlbGV0ZSI6NjAwMDAwMDAwMDAwfSwic2NoZW1hX3ZlcnNpb24iOiIxIn0=",
          "dependencies": [
            "aws_default_vpc.default"
          ]
        }
      ]
    },
    {
      "mode": "managed",
      "type": "aws_security_group",
      "name": "elb",
      "provider": "provider.aws",
      "instances": [
        {
          "schema_version": 1,
          "attributes": {
            "arn": "arn:aws:ec2:eu-west-1:635280392941:security-group/sg-0f6f1cbd28afe2ab8",
            "description": "kube-api firewall",
            "egress": [
              {
                "cidr_blocks": [
                  "0.0.0.0/0"
                ],
                "description": "allow all outgoing traffic",
                "from_port": 0,
                "ipv6_cidr_blocks": [],
                "prefix_list_ids": [],
                "protocol": "-1",
                "security_groups": [],
                "self": false,
                "to_port": 0
              }
            ],
            "id": "sg-0f6f1cbd28afe2ab8",
            "ingress": [
              {
                "cidr_blocks": [
                  "0.0.0.0/0"
                ],
                "description": "allow anyone to connect to tcp/6443",
                "from_port": 6443,
                "ipv6_cidr_blocks": [],
                "prefix_list_ids": [],
                "protocol": "tcp",
                "security_groups": [],
                "self": false,
                "to_port": 6443
              }
            ],
            "name": "udagram1-api-lb",
            "name_prefix": null,
            "owner_id": "635280392941",
            "revoke_rules_on_delete": false,
            "tags": {
              "Cluster": "udagram1"
            },
            "timeouts": null,
            "vpc_id": "vpc-fec22f87"
          },
          "private": "eyJlMmJmYjczMC1lY2FhLTExZTYtOGY4OC0zNDM2M2JjN2M0YzAiOnsiY3JlYXRlIjo2MDAwMDAwMDAwMDAsImRlbGV0ZSI6NjAwMDAwMDAwMDAwfSwic2NoZW1hX3ZlcnNpb24iOiIxIn0=",
          "dependencies": [
            "aws_default_vpc.default"
          ]
        }
      ]
    },
    {
      "mode": "managed",
      "type": "aws_security_group",
      "name": "ssh",
      "provider": "provider.aws",
      "instances": [
        {
          "schema_version": 1,
          "attributes": {
            "arn": "arn:aws:ec2:eu-west-1:635280392941:security-group/sg-047504f5889bfe61f",
            "description": "ssh access",
            "egress": [],
            "id": "sg-047504f5889bfe61f",
            "ingress": [
              {
                "cidr_blocks": [
                  "0.0.0.0/0"
                ],
                "description": "allow incomming SSH",
                "from_port": 22,
                "ipv6_cidr_blocks": [],
                "prefix_list_ids": [],
                "protocol": "tcp",
                "security_groups": [],
                "self": false,
                "to_port": 22
              }
            ],
            "name": "udagram1-ssh",
            "name_prefix": null,
            "owner_id": "635280392941",
            "revoke_rules_on_delete": false,
            "tags": {
              "Cluster": "udagram1"
            },
            "timeouts": null,
            "vpc_id": "vpc-fec22f87"
          },
          "private": "eyJlMmJmYjczMC1lY2FhLTExZTYtOGY4OC0zNDM2M2JjN2M0YzAiOnsiY3JlYXRlIjo2MDAwMDAwMDAwMDAsImRlbGV0ZSI6NjAwMDAwMDAwMDAwfSwic2NoZW1hX3ZlcnNpb24iOiIxIn0=",
          "dependencies": [
            "aws_default_vpc.default"
          ]
        }
      ]
    },
    {
      "mode": "managed",
      "type": "aws_security_group_rule",
      "name": "egress_allow_all",
      "provider": "provider.aws",
      "instances": [
        {
          "schema_version": 2,
          "attributes": {
            "cidr_blocks": [
              "0.0.0.0/0"
            ],
            "description": "allow all outgoing traffic",
            "from_port": 0,
            "id": "sgrule-1666058512",
            "ipv6_cidr_blocks": null,
            "prefix_list_ids": null,
            "protocol": "-1",
            "security_group_id": "sg-071e43515daf112e4",
            "self": false,
            "source_security_group_id": null,
            "to_port": 0,
            "type": "egress"
          },
          "private": "eyJzY2hlbWFfdmVyc2lvbiI6IjIifQ==",
          "dependencies": [
            "aws_default_vpc.default",
            "aws_security_group.common"
          ]
        }
      ]
    },
    {
      "mode": "managed",
      "type": "aws_security_group_rule",
      "name": "ingress_self_allow_all",
      "provider": "provider.aws",
      "instances": [
        {
          "schema_version": 2,
          "attributes": {
            "cidr_blocks": null,
            "description": "allow all incomming traffic from members of this group",
            "from_port": 0,
            "id": "sgrule-1694788109",
            "ipv6_cidr_blocks": null,
            "prefix_list_ids": null,
            "protocol": "-1",
            "security_group_id": "sg-071e43515daf112e4",
            "self": true,
            "source_security_group_id": null,
            "to_port": 0,
            "type": "ingress"
          },
          "private": "eyJzY2hlbWFfdmVyc2lvbiI6IjIifQ==",
          "dependencies": [
            "aws_default_vpc.default",
            "aws_security_group.common"
          ]
        }
      ]
    },
    {
      "mode": "managed",
      "type": "aws_security_group_rule",
      "name": "nodeports",
      "each": "list",
      "provider": "provider.aws",
      "instances": []
    },
    {
      "mode": "managed",
      "type": "aws_subnet",
      "name": "public",
      "each": "list",
      "provider": "provider.aws",
      "instances": [
        {
          "index_key": 0,
          "schema_version": 1,
          "attributes": {
            "arn": "arn:aws:ec2:eu-west-1:635280392941:subnet/subnet-00fb9906860048b0b",
            "assign_ipv6_address_on_creation": false,
            "availability_zone": "eu-west-1a",
            "availability_zone_id": "euw1-az3",
            "cidr_block": "172.31.255.0/24",
            "id": "subnet-00fb9906860048b0b",
            "ipv6_cidr_block": "",
            "ipv6_cidr_block_association_id": "",
            "map_public_ip_on_launch": true,
            "owner_id": "635280392941",
            "tags": {
              "Cluster": "udagram1",
              "Name": "udagram1-eu-west-1a",
              "kubernetes.io/cluster/udagram1": "shared"
            },
            "timeouts": null,
            "vpc_id": "vpc-fec22f87"
          },
          "private": "eyJlMmJmYjczMC1lY2FhLTExZTYtOGY4OC0zNDM2M2JjN2M0YzAiOnsiY3JlYXRlIjo2MDAwMDAwMDAwMDAsImRlbGV0ZSI6MTIwMDAwMDAwMDAwMH0sInNjaGVtYV92ZXJzaW9uIjoiMSJ9",
          "dependencies": [
            "aws_default_vpc.default",
            "random_integer.cidr_block"
          ]
        },
        {
          "index_key": 1,
          "schema_version": 1,
          "attributes": {
            "arn": "arn:aws:ec2:eu-west-1:635280392941:subnet/subnet-045122807d307dc45",
            "assign_ipv6_address_on_creation": false,
            "availability_zone": "eu-west-1b",
            "availability_zone_id": "euw1-az1",
            "cidr_block": "172.31.0.0/24",
            "id": "subnet-045122807d307dc45",
            "ipv6_cidr_block": "",
            "ipv6_cidr_block_association_id": "",
            "map_public_ip_on_launch": true,
            "owner_id": "635280392941",
            "tags": {
              "Cluster": "udagram1",
              "Name": "udagram1-eu-west-1b",
              "kubernetes.io/cluster/udagram1": "shared"
            },
            "timeouts": null,
            "vpc_id": "vpc-fec22f87"
          },
          "private": "eyJlMmJmYjczMC1lY2FhLTExZTYtOGY4OC0zNDM2M2JjN2M0YzAiOnsiY3JlYXRlIjo2MDAwMDAwMDAwMDAsImRlbGV0ZSI6MTIwMDAwMDAwMDAwMH0sInNjaGVtYV92ZXJzaW9uIjoiMSJ9",
          "dependencies": [
            "aws_default_vpc.default",
            "random_integer.cidr_block"
          ]
        },
        {
          "index_key": 2,
          "schema_version": 1,
          "attributes": {
            "arn": "arn:aws:ec2:eu-west-1:635280392941:subnet/subnet-0fb9ac35294295582",
            "assign_ipv6_address_on_creation": false,
            "availability_zone": "eu-west-1c",
            "availability_zone_id": "euw1-az2",
            "cidr_block": "172.31.1.0/24",
            "id": "subnet-0fb9ac35294295582",
            "ipv6_cidr_block": "",
            "ipv6_cidr_block_association_id": "",
            "map_public_ip_on_launch": true,
            "owner_id": "635280392941",
            "tags": {
              "Cluster": "udagram1",
              "Name": "udagram1-eu-west-1c",
              "kubernetes.io/cluster/udagram1": "shared"
            },
            "timeouts": null,
            "vpc_id": "vpc-fec22f87"
          },
          "private": "eyJlMmJmYjczMC1lY2FhLTExZTYtOGY4OC0zNDM2M2JjN2M0YzAiOnsiY3JlYXRlIjo2MDAwMDAwMDAwMDAsImRlbGV0ZSI6MTIwMDAwMDAwMDAwMH0sInNjaGVtYV92ZXJzaW9uIjoiMSJ9",
          "dependencies": [
            "aws_default_vpc.default",
            "random_integer.cidr_block"
          ]
        }
      ]
    },
    {
      "mode": "managed",
      "type": "random_integer",
      "name": "cidr_block",
      "provider": "provider.random",
      "instances": [
        {
          "schema_version": 0,
          "attributes": {
            "id": "255",
            "keepers": null,
            "max": 255,
            "min": 0,
            "result": 255,
            "seed": null
          },
          "private": "bnVsbA==",
          "dependencies": [
            "aws_default_vpc.default"
          ]
        }
      ]
    }
  ]
}
